{
  "name": "teleparty-websocket-lib",
  "version": "1.0.0",
  "lockfileVersion": 2,
  "requires": true,
  "packages": {
    "": {
      "name": "teleparty-websocket-lib",
      "version": "1.0.0",
      "license": "ISC",
      "devDependencies": {
        "teleparty-websocket-lib": "github:MCElmo/teleparty-websocket-lib",
        "typescript": "^4.5.5"
      }
    },
    "node_modules/teleparty-websocket-lib": {
      "version": "1.0.0",
      "resolved": "git+ssh://git@github.com/MCElmo/teleparty-websocket-lib.git#fe8dcdbcc939f87c978824ac4e0071fcba339cae",
      "dev": true,
      "license": "ISC"
    },
    "node_modules/typescript": {
      "version": "4.5.5",
      "resolved": "https://registry.npmjs.org/typescript/-/typescript-4.5.5.tgz",
      "integrity": "sha512-TCTIul70LyWe6IJWT8QSYeA54WQe8EjQFU4wY52Fasj5UKx88LNYKCgBEHcOMOrFF1rKGbD8v/xcNWVUq9SymA==",
      "dev": true,
      "bin": {
        "tsc": "bin/tsc",
        "tsserver": "bin/tsserver"
      },
      "engines": {
        "node": ">=4.2.0"
      }
    }
  },
  "dependencies": {
    "teleparty-websocket-lib": {
      "version": "git+ssh://git@github.com/MCElmo/teleparty-websocket-lib.git#fe8dcdbcc939f87c978824ac4e0071fcba339cae",
      "dev": true,
      "from": "teleparty-websocket-lib@github:MCElmo/teleparty-websocket-lib"
    },
    "typescript": {
      "version": "4.5.5",
      "resolved": "https://registry.npmjs.org/typescript/-/typescript-4.5.5.tgz",
      "integrity": "sha512-TCTIul70LyWe6IJWT8QSYeA54WQe8EjQFU4wY52Fasj5UKx88LNYKCgBEHcOMOrFF1rKGbD8v/xcNWVUq9SymA==",
      "dev": true
    }
  }
}
